{
  "requires": true,
  "lockfileVersion": 1,
  "dependencies": {
    "eslint-plugin-react-hooks": {
      "version": "2.5.1",
      "resolved": "https://registry.npmjs.org/eslint-plugin-react-hooks/-/eslint-plugin-react-hooks-2.5.1.tgz",
      "integrity": "sha512-Y2c4b55R+6ZzwtTppKwSmK/Kar8AdLiC2f9NADCuxbcTgPPg41Gyqa6b9GppgXSvCtkRw43ZE86CT5sejKC6/g==",
      "dev": true
    }
  }
}
